
Microsoft Visual Studio Solution File, Format Version 12.00
# Visual Studio Version 17
VisualStudioVersion = 17.10.35013.160
MinimumVisualStudioVersion = 10.0.40219.1
Project("{FAE04EC0-301F-11D3-BF4B-00C04F79EFBC}") = "playground", "playground.csproj", "{461A8747-33C8-4D5F-A662-C053E6ECE00B}"
EndProject
Global
	GlobalSection(SolutionConfigurationPlatforms) = preSolution
		Debug|Any CPU = Debug|Any CPU
		Release|Any CPU = Release|Any CPU
	EndGlobalSection
	GlobalSection(ProjectConfigurationPlatforms) = postSolution
		{461A8747-33C8-4D5F-A662-C053E6ECE00B}.Debug|Any CPU.ActiveCfg = Debug|Any CPU
		{461A8747-33C8-4D5F-A662-C053E6ECE00B}.Debug|Any CPU.Build.0 = Debug|Any CPU
		{461A8747-33C8-4D5F-A662-C053E6ECE00B}.Release|Any CPU.ActiveCfg = Release|Any CPU
		{461A8747-33C8-4D5F-A662-C053E6ECE00B}.Release|Any CPU.Build.0 = Release|Any CPU
	EndGlobalSection
	GlobalSection(SolutionProperties) = preSolution
		HideSolutionNode = FALSE
	EndGlobalSection
	GlobalSection(ExtensibilityGlobals) = postSolution
		SolutionGuid = {BA1945D2-17A1-4DD6-B514-7A1E07A99BA9}
	EndGlobalSection
EndGlobal
